
Microsoft Visual Studio Solution File, Format Version 12.00
# Visual Studio Version 17
VisualStudioVersion = 17.6.33723.286
MinimumVisualStudioVersion = 10.0.40219.1
Project("{FAE04EC0-301F-11D3-BF4B-00C04F79EFBC}") = "AdministracionCRUD", "AdministracionCRUD\AdministracionCRUD.csproj", "{1A042215-1803-453D-8F2D-AAB82E4BEDB3}"
EndProject
Global
	GlobalSection(SolutionConfigurationPlatforms) = preSolution
		Debug|Any CPU = Debug|Any CPU
		Release|Any CPU = Release|Any CPU
	EndGlobalSection
	GlobalSection(ProjectConfigurationPlatforms) = postSolution
		{1A042215-1803-453D-8F2D-AAB82E4BEDB3}.Debug|Any CPU.ActiveCfg = Debug|Any CPU
		{1A042215-1803-453D-8F2D-AAB82E4BEDB3}.Debug|Any CPU.Build.0 = Debug|Any CPU
		{1A042215-1803-453D-8F2D-AAB82E4BEDB3}.Release|Any CPU.ActiveCfg = Release|Any CPU
		{1A042215-1803-453D-8F2D-AAB82E4BEDB3}.Release|Any CPU.Build.0 = Release|Any CPU
	EndGlobalSection
	GlobalSection(SolutionProperties) = preSolution
		HideSolutionNode = FALSE
	EndGlobalSection
	GlobalSection(ExtensibilityGlobals) = postSolution
		SolutionGuid = {BA025F82-A14A-4C2F-B412-495995209929}
	EndGlobalSection
EndGlobal
